// !$*UTF8*$!
{
	archiveVersion = 1;
	classes = {
	};
	objectVersion = 46;
	objects = {

/* Begin PBXBuildFile section */
		4D2C18631C128BD100C37D79 /* AppDelegate.swift in Sources */ = {isa = PBXBuildFile; fileRef = 4D2C18621C128BD100C37D79 /* AppDelegate.swift */; };
		4D2C18651C128BD100C37D79 /* ViewController.swift in Sources */ = {isa = PBXBuildFile; fileRef = 4D2C18641C128BD100C37D79 /* ViewController.swift */; };
		4D2C18681C128BD100C37D79 /* Main.storyboard in Resources */ = {isa = PBXBuildFile; fileRef = 4D2C18661C128BD100C37D79 /* Main.storyboard */; };
		4D2C186A1C128BD100C37D79 /* Assets.xcassets in Resources */ = {isa = PBXBuildFile; fileRef = 4D2C18691C128BD100C37D79 /* Assets.xcassets */; };
		4D2C186D1C128BD100C37D79 /* LaunchScreen.storyboard in Resources */ = {isa = PBXBuildFile; fileRef = 4D2C186B1C128BD100C37D79 /* LaunchScreen.storyboard */; };
		4D2C18721C128BD100C37D79 /* Talkback WatchKit App.app in Embed Watch Content */ = {isa = PBXBuildFile; fileRef = 4D2C18711C128BD100C37D79 /* Talkback WatchKit App.app */; };
		4D2C18781C128BD100C37D79 /* Interface.storyboard in Resources */ = {isa = PBXBuildFile; fileRef = 4D2C18761C128BD100C37D79 /* Interface.storyboard */; };
		4D2C187A1C128BD100C37D79 /* Assets.xcassets in Resources */ = {isa = PBXBuildFile; fileRef = 4D2C18791C128BD100C37D79 /* Assets.xcassets */; };
		4D2C18811C128BD100C37D79 /* Talkback WatchKit Extension.appex in Embed App Extensions */ = {isa = PBXBuildFile; fileRef = 4D2C18801C128BD100C37D79 /* Talkback WatchKit Extension.appex */; settings = {ATTRIBUTES = (RemoveHeadersOnCopy, ); }; };
		4D2C18861C128BD100C37D79 /* InterfaceController.swift in Sources */ = {isa = PBXBuildFile; fileRef = 4D2C18851C128BD100C37D79 /* InterfaceController.swift */; };
		4D2C18881C128BD100C37D79 /* ExtensionDelegate.swift in Sources */ = {isa = PBXBuildFile; fileRef = 4D2C18871C128BD100C37D79 /* ExtensionDelegate.swift */; };
		4D2C188A1C128BD100C37D79 /* Assets.xcassets in Resources */ = {isa = PBXBuildFile; fileRef = 4D2C18891C128BD100C37D79 /* Assets.xcassets */; };
/* End PBXBuildFile section */

/* Begin PBXContainerItemProxy section */
		4D2C18731C128BD100C37D79 /* PBXContainerItemProxy */ = {
			isa = PBXContainerItemProxy;
			containerPortal = 4D2C18571C128BD100C37D79 /* Project object */;
			proxyType = 1;
			remoteGlobalIDString = 4D2C18701C128BD100C37D79;
			remoteInfo = "Talkback WatchKit App";
		};
		4D2C18821C128BD100C37D79 /* PBXContainerItemProxy */ = {
			isa = PBXContainerItemProxy;
			containerPortal = 4D2C18571C128BD100C37D79 /* Project object */;
			proxyType = 1;
			remoteGlobalIDString = 4D2C187F1C128BD100C37D79;
			remoteInfo = "Talkback WatchKit Extension";
		};
/* End PBXContainerItemProxy section */

/* Begin PBXCopyFilesBuildPhase section */
		4D2C18911C128BD100C37D79 /* Embed App Extensions */ = {
			isa = PBXCopyFilesBuildPhase;
			buildActionMask = 2147483647;
			dstPath = "";
			dstSubfolderSpec = 13;
			files = (
				4D2C18811C128BD100C37D79 /* Talkback WatchKit Extension.appex in Embed App Extensions */,
			);
			name = "Embed App Extensions";
			runOnlyForDeploymentPostprocessing = 0;
		};
		4D2C18951C128BD100C37D79 /* Embed Watch Content */ = {
			isa = PBXCopyFilesBuildPhase;
			buildActionMask = 2147483647;
			dstPath = "$(CONTENTS_FOLDER_PATH)/Watch";
			dstSubfolderSpec = 16;
			files = (
				4D2C18721C128BD100C37D79 /* Talkback WatchKit App.app in Embed Watch Content */,
			);
			name = "Embed Watch Content";
			runOnlyForDeploymentPostprocessing = 0;
		};
/* End PBXCopyFilesBuildPhase section */

/* Begin PBXFileReference section */
		4D2C185F1C128BD100C37D79 /* Talkback.app */ = {isa = PBXFileReference; explicitFileType = wrapper.application; includeInIndex = 0; path = Talkback.app; sourceTree = BUILT_PRODUCTS_DIR; };
		4D2C18621C128BD100C37D79 /* AppDelegate.swift */ = {isa = PBXFileReference; lastKnownFileType = sourcecode.swift; path = AppDelegate.swift; sourceTree = "<group>"; };
		4D2C18641C128BD100C37D79 /* ViewController.swift */ = {isa = PBXFileReference; lastKnownFileType = sourcecode.swift; path = ViewController.swift; sourceTree = "<group>"; };
		4D2C18671C128BD100C37D79 /* Base */ = {isa = PBXFileReference; lastKnownFileType = file.storyboard; name = Base; path = Base.lproj/Main.storyboard; sourceTree = "<group>"; };
		4D2C18691C128BD100C37D79 /* Assets.xcassets */ = {isa = PBXFileReference; lastKnownFileType = folder.assetcatalog; path = Assets.xcassets; sourceTree = "<group>"; };
		4D2C186C1C128BD100C37D79 /* Base */ = {isa = PBXFileReference; lastKnownFileType = file.storyboard; name = Base; path = Base.lproj/LaunchScreen.storyboard; sourceTree = "<group>"; };
		4D2C186E1C128BD100C37D79 /* Info.plist */ = {isa = PBXFileReference; lastKnownFileType = text.plist.xml; path = Info.plist; sourceTree = "<group>"; };
		4D2C18711C128BD100C37D79 /* Talkback WatchKit App.app */ = {isa = PBXFileReference; explicitFileType = wrapper.application; includeInIndex = 0; path = "Talkback WatchKit App.app"; sourceTree = BUILT_PRODUCTS_DIR; };
		4D2C18771C128BD100C37D79 /* Base */ = {isa = PBXFileReference; lastKnownFileType = file.storyboard; name = Base; path = Base.lproj/Interface.storyboard; sourceTree = "<group>"; };
		4D2C18791C128BD100C37D79 /* Assets.xcassets */ = {isa = PBXFileReference; lastKnownFileType = folder.assetcatalog; path = Assets.xcassets; sourceTree = "<group>"; };
		4D2C187B1C128BD100C37D79 /* Info.plist */ = {isa = PBXFileReference; lastKnownFileType = text.plist.xml; path = Info.plist; sourceTree = "<group>"; };
		4D2C18801C128BD100C37D79 /* Talkback WatchKit Extension.appex */ = {isa = PBXFileReference; explicitFileType = "wrapper.app-extension"; includeInIndex = 0; path = "Talkback WatchKit Extension.appex"; sourceTree = BUILT_PRODUCTS_DIR; };
		4D2C18851C128BD100C37D79 /* InterfaceController.swift */ = {isa = PBXFileReference; lastKnownFileType = sourcecode.swift; path = InterfaceController.swift; sourceTree = "<group>"; };
		4D2C18871C128BD100C37D79 /* ExtensionDelegate.swift */ = {isa = PBXFileReference; lastKnownFileType = sourcecode.swift; path = ExtensionDelegate.swift; sourceTree = "<group>"; };
		4D2C18891C128BD100C37D79 /* Assets.xcassets */ = {isa = PBXFileReference; lastKnownFileType = folder.assetcatalog; path = Assets.xcassets; sourceTree = "<group>"; };
		4D2C188B1C128BD100C37D79 /* Info.plist */ = {isa = PBXFileReference; lastKnownFileType = text.plist.xml; path = Info.plist; sourceTree = "<group>"; };
		4D2C18991C128C6300C37D79 /* Talkback WatchKit App.entitlements */ = {isa = PBXFileReference; lastKnownFileType = text.xml; path = "Talkback WatchKit App.entitlements"; sourceTree = "<group>"; };
		4D2C189A1C128C7C00C37D79 /* Talkback WatchKit Extension.entitlements */ = {isa = PBXFileReference; lastKnownFileType = text.xml; path = "Talkback WatchKit Extension.entitlements"; sourceTree = "<group>"; };
/* End PBXFileReference section */

/* Begin PBXFrameworksBuildPhase section */
		4D2C185C1C128BD100C37D79 /* Frameworks */ = {
			isa = PBXFrameworksBuildPhase;
			buildActionMask = 2147483647;
			files = (
			);
			runOnlyForDeploymentPostprocessing = 0;
		};
		4D2C187D1C128BD100C37D79 /* Frameworks */ = {
			isa = PBXFrameworksBuildPhase;
			buildActionMask = 2147483647;
			files = (
			);
			runOnlyForDeploymentPostprocessing = 0;
		};
/* End PBXFrameworksBuildPhase section */

/* Begin PBXGroup section */
		4D2C18561C128BD100C37D79 = {
			isa = PBXGroup;
			children = (
				4D2C18611C128BD100C37D79 /* Talkback */,
				4D2C18751C128BD100C37D79 /* Talkback WatchKit App */,
				4D2C18841C128BD100C37D79 /* Talkback WatchKit Extension */,
				4D2C18601C128BD100C37D79 /* Products */,
			);
			sourceTree = "<group>";
		};
		4D2C18601C128BD100C37D79 /* Products */ = {
			isa = PBXGroup;
			children = (
				4D2C185F1C128BD100C37D79 /* Talkback.app */,
				4D2C18711C128BD100C37D79 /* Talkback WatchKit App.app */,
				4D2C18801C128BD100C37D79 /* Talkback WatchKit Extension.appex */,
			);
			name = Products;
			sourceTree = "<group>";
		};
		4D2C18611C128BD100C37D79 /* Talkback */ = {
			isa = PBXGroup;
			children = (
				4D2C18621C128BD100C37D79 /* AppDelegate.swift */,
				4D2C18641C128BD100C37D79 /* ViewController.swift */,
				4D2C18661C128BD100C37D79 /* Main.storyboard */,
				4D2C18691C128BD100C37D79 /* Assets.xcassets */,
				4D2C186B1C128BD100C37D79 /* LaunchScreen.storyboard */,
				4D2C186E1C128BD100C37D79 /* Info.plist */,
			);
			path = Talkback;
			sourceTree = "<group>";
		};
		4D2C18751C128BD100C37D79 /* Talkback WatchKit App */ = {
			isa = PBXGroup;
			children = (
				4D2C18991C128C6300C37D79 /* Talkback WatchKit App.entitlements */,
				4D2C18761C128BD100C37D79 /* Interface.storyboard */,
				4D2C18791C128BD100C37D79 /* Assets.xcassets */,
				4D2C187B1C128BD100C37D79 /* Info.plist */,
			);
			path = "Talkback WatchKit App";
			sourceTree = "<group>";
		};
		4D2C18841C128BD100C37D79 /* Talkback WatchKit Extension */ = {
			isa = PBXGroup;
			children = (
				4D2C189A1C128C7C00C37D79 /* Talkback WatchKit Extension.entitlements */,
				4D2C18851C128BD100C37D79 /* InterfaceController.swift */,
				4D2C18871C128BD100C37D79 /* ExtensionDelegate.swift */,
				4D2C18891C128BD100C37D79 /* Assets.xcassets */,
				4D2C188B1C128BD100C37D79 /* Info.plist */,
			);
			path = "Talkback WatchKit Extension";
			sourceTree = "<group>";
		};
/* End PBXGroup section */

/* Begin PBXNativeTarget section */
		4D2C185E1C128BD100C37D79 /* Talkback */ = {
			isa = PBXNativeTarget;
			buildConfigurationList = 4D2C18961C128BD100C37D79 /* Build configuration list for PBXNativeTarget "Talkback" */;
			buildPhases = (
				4D2C185B1C128BD100C37D79 /* Sources */,
				4D2C185C1C128BD100C37D79 /* Frameworks */,
				4D2C185D1C128BD100C37D79 /* Resources */,
				4D2C18951C128BD100C37D79 /* Embed Watch Content */,
			);
			buildRules = (
			);
			dependencies = (
				4D2C18741C128BD100C37D79 /* PBXTargetDependency */,
			);
			name = Talkback;
			productName = Talkback;
			productReference = 4D2C185F1C128BD100C37D79 /* Talkback.app */;
			productType = "com.apple.product-type.application";
		};
		4D2C18701C128BD100C37D79 /* Talkback WatchKit App */ = {
			isa = PBXNativeTarget;
			buildConfigurationList = 4D2C18921C128BD100C37D79 /* Build configuration list for PBXNativeTarget "Talkback WatchKit App" */;
			buildPhases = (
				4D2C186F1C128BD100C37D79 /* Resources */,
				4D2C18911C128BD100C37D79 /* Embed App Extensions */,
			);
			buildRules = (
			);
			dependencies = (
				4D2C18831C128BD100C37D79 /* PBXTargetDependency */,
			);
			name = "Talkback WatchKit App";
			productName = "Talkback WatchKit App";
			productReference = 4D2C18711C128BD100C37D79 /* Talkback WatchKit App.app */;
			productType = "com.apple.product-type.application.watchapp2";
		};
		4D2C187F1C128BD100C37D79 /* Talkback WatchKit Extension */ = {
			isa = PBXNativeTarget;
			buildConfigurationList = 4D2C188E1C128BD100C37D79 /* Build configuration list for PBXNativeTarget "Talkback WatchKit Extension" */;
			buildPhases = (
				4D2C187C1C128BD100C37D79 /* Sources */,
				4D2C187D1C128BD100C37D79 /* Frameworks */,
				4D2C187E1C128BD100C37D79 /* Resources */,
			);
			buildRules = (
			);
			dependencies = (
			);
			name = "Talkback WatchKit Extension";
			productName = "Talkback WatchKit Extension";
			productReference = 4D2C18801C128BD100C37D79 /* Talkback WatchKit Extension.appex */;
			productType = "com.apple.product-type.watchkit2-extension";
		};
/* End PBXNativeTarget section */

/* Begin PBXProject section */
		4D2C18571C128BD100C37D79 /* Project object */ = {
			isa = PBXProject;
			attributes = {
				LastUpgradeCheck = 0700;
				ORGANIZATIONNAME = "Build watchOS Apps";
				TargetAttributes = {
					4D2C185E1C128BD100C37D79 = {
						CreatedOnToolsVersion = 7.0.1;
					};
					4D2C18701C128BD100C37D79 = {
						CreatedOnToolsVersion = 7.0.1;
						DevelopmentTeam = 26HRYTAS2C;
						SystemCapabilities = {
							com.apple.ApplicationGroups.iOS = {
								enabled = 1;
							};
						};
					};
					4D2C187F1C128BD100C37D79 = {
						CreatedOnToolsVersion = 7.0.1;
						DevelopmentTeam = 26HRYTAS2C;
						SystemCapabilities = {
							com.apple.ApplicationGroups.iOS = {
								enabled = 1;
							};
						};
					};
				};
			};
			buildConfigurationList = 4D2C185A1C128BD100C37D79 /* Build configuration list for PBXProject "Talkback" */;
			compatibilityVersion = "Xcode 3.2";
			developmentRegion = English;
			hasScannedForEncodings = 0;
			knownRegions = (
				en,
				Base,
			);
			mainGroup = 4D2C18561C128BD100C37D79;
			productRefGroup = 4D2C18601C128BD100C37D79 /* Products */;
			projectDirPath = "";
			projectRoot = "";
			targets = (
				4D2C185E1C128BD100C37D79 /* Talkback */,
				4D2C18701C128BD100C37D79 /* Talkback WatchKit App */,
				4D2C187F1C128BD100C37D79 /* Talkback WatchKit Extension */,
			);
		};
/* End PBXProject section */

/* Begin PBXResourcesBuildPhase section */
		4D2C185D1C128BD100C37D79 /* Resources */ = {
			isa = PBXResourcesBuildPhase;
			buildActionMask = 2147483647;
			files = (
				4D2C186D1C128BD100C37D79 /* LaunchScreen.storyboard in Resources */,
				4D2C186A1C128BD100C37D79 /* Assets.xcassets in Resources */,
				4D2C18681C128BD100C37D79 /* Main.storyboard in Resources */,
			);
			runOnlyForDeploymentPostprocessing = 0;
		};
		4D2C186F1C128BD100C37D79 /* Resources */ = {
			isa = PBXResourcesBuildPhase;
			buildActionMask = 2147483647;
			files = (
				4D2C187A1C128BD100C37D79 /* Assets.xcassets in Resources */,
				4D2C18781C128BD100C37D79 /* Interface.storyboard in Resources */,
			);
			runOnlyForDeploymentPostprocessing = 0;
		};
		4D2C187E1C128BD100C37D79 /* Resources */ = {
			isa = PBXResourcesBuildPhase;
			buildActionMask = 2147483647;
			files = (
				4D2C188A1C128BD100C37D79 /* Assets.xcassets in Resources */,
			);
			runOnlyForDeploymentPostprocessing = 0;
		};
/* End PBXResourcesBuildPhase section */

/* Begin PBXSourcesBuildPhase section */
		4D2C185B1C128BD100C37D79 /* Sources */ = {
			isa = PBXSourcesBuildPhase;
			buildActionMask = 2147483647;
			files = (
				4D2C18651C128BD100C37D79 /* ViewController.swift in Sources */,
				4D2C18631C128BD100C37D79 /* AppDelegate.swift in Sources */,
			);
			runOnlyForDeploymentPostprocessing = 0;
		};
		4D2C187C1C128BD100C37D79 /* Sources */ = {
			isa = PBXSourcesBuildPhase;
			buildActionMask = 2147483647;
			files = (
				4D2C18881C128BD100C37D79 /* ExtensionDelegate.swift in Sources */,
				4D2C18861C128BD100C37D79 /* InterfaceController.swift in Sources */,
			);
			runOnlyForDeploymentPostprocessing = 0;
		};
/* End PBXSourcesBuildPhase section */

/* Begin PBXTargetDependency section */
		4D2C18741C128BD100C37D79 /* PBXTargetDependency */ = {
			isa = PBXTargetDependency;
			target = 4D2C18701C128BD100C37D79 /* Talkback WatchKit App */;
			targetProxy = 4D2C18731C128BD100C37D79 /* PBXContainerItemProxy */;
		};
		4D2C18831C128BD100C37D79 /* PBXTargetDependency */ = {
			isa = PBXTargetDependency;
			target = 4D2C187F1C128BD100C37D79 /* Talkback WatchKit Extension */;
			targetProxy = 4D2C18821C128BD100C37D79 /* PBXContainerItemProxy */;
		};
/* End PBXTargetDependency section */

/* Begin PBXVariantGroup section */
		4D2C18661C128BD100C37D79 /* Main.storyboard */ = {
			isa = PBXVariantGroup;
			children = (
				4D2C18671C128BD100C37D79 /* Base */,
			);
			name = Main.storyboard;
			sourceTree = "<group>";
		};
		4D2C186B1C128BD100C37D79 /* LaunchScreen.storyboard */ = {
			isa = PBXVariantGroup;
			children = (
				4D2C186C1C128BD100C37D79 /* Base */,
			);
			name = LaunchScreen.storyboard;
			sourceTree = "<group>";
		};
		4D2C18761C128BD100C37D79 /* Interface.storyboard */ = {
			isa = PBXVariantGroup;
			children = (
				4D2C18771C128BD100C37D79 /* Base */,
			);
			name = Interface.storyboard;
			sourceTree = "<group>";
		};
/* End PBXVariantGroup section */

/* Begin XCBuildConfiguration section */
		4D2C188C1C128BD100C37D79 /* Debug */ = {
			isa = XCBuildConfiguration;
			buildSettings = {
				ALWAYS_SEARCH_USER_PATHS = NO;
				CLANG_CXX_LANGUAGE_STANDARD = "gnu++0x";
				CLANG_CXX_LIBRARY = "libc++";
				CLANG_ENABLE_MODULES = YES;
				CLANG_ENABLE_OBJC_ARC = YES;
				CLANG_WARN_BOOL_CONVERSION = YES;
				CLANG_WARN_CONSTANT_CONVERSION = YES;
				CLANG_WARN_DIRECT_OBJC_ISA_USAGE = YES_ERROR;
				CLANG_WARN_EMPTY_BODY = YES;
				CLANG_WARN_ENUM_CONVERSION = YES;
				CLANG_WARN_INT_CONVERSION = YES;
				CLANG_WARN_OBJC_ROOT_CLASS = YES_ERROR;
				CLANG_WARN_UNREACHABLE_CODE = YES;
				CLANG_WARN__DUPLICATE_METHOD_MATCH = YES;
				"CODE_SIGN_IDENTITY[sdk=iphoneos*]" = "iPhone Developer";
				COPY_PHASE_STRIP = NO;
				DEBUG_INFORMATION_FORMAT = dwarf;
				ENABLE_STRICT_OBJC_MSGSEND = YES;
				ENABLE_TESTABILITY = YES;
				GCC_C_LANGUAGE_STANDARD = gnu99;
				GCC_DYNAMIC_NO_PIC = NO;
				GCC_NO_COMMON_BLOCKS = YES;
				GCC_OPTIMIZATION_LEVEL = 0;
				GCC_PREPROCESSOR_DEFINITIONS = (
					"DEBUG=1",
					"$(inherited)",
				);
				GCC_WARN_64_TO_32_BIT_CONVERSION = YES;
				GCC_WARN_ABOUT_RETURN_TYPE = YES_ERROR;
				GCC_WARN_UNDECLARED_SELECTOR = YES;
				GCC_WARN_UNINITIALIZED_AUTOS = YES_AGGRESSIVE;
				GCC_WARN_UNUSED_FUNCTION = YES;
				GCC_WARN_UNUSED_VARIABLE = YES;
				IPHONEOS_DEPLOYMENT_TARGET = 9.0;
				MTL_ENABLE_DEBUG_INFO = YES;
				ONLY_ACTIVE_ARCH = YES;
				SDKROOT = iphoneos;
				SWIFT_OPTIMIZATION_LEVEL = "-Onone";
			};
			name = Debug;
		};
		4D2C188D1C128BD100C37D79 /* Release */ = {
			isa = XCBuildConfiguration;
			buildSettings = {
				ALWAYS_SEARCH_USER_PATHS = NO;
				CLANG_CXX_LANGUAGE_STANDARD = "gnu++0x";
				CLANG_CXX_LIBRARY = "libc++";
				CLANG_ENABLE_MODULES = YES;
				CLANG_ENABLE_OBJC_ARC = YES;
				CLANG_WARN_BOOL_CONVERSION = YES;
				CLANG_WARN_CONSTANT_CONVERSION = YES;
				CLANG_WARN_DIRECT_OBJC_ISA_USAGE = YES_ERROR;
				CLANG_WARN_EMPTY_BODY = YES;
				CLANG_WARN_ENUM_CONVERSION = YES;
				CLANG_WARN_INT_CONVERSION = YES;
				CLANG_WARN_OBJC_ROOT_CLASS = YES_ERROR;
				CLANG_WARN_UNREACHABLE_CODE = YES;
				CLANG_WARN__DUPLICATE_METHOD_MATCH = YES;
				"CODE_SIGN_IDENTITY[sdk=iphoneos*]" = "iPhone Developer";
				COPY_PHASE_STRIP = NO;
				DEBUG_INFORMATION_FORMAT = "dwarf-with-dsym";
				ENABLE_NS_ASSERTIONS = NO;
				ENABLE_STRICT_OBJC_MSGSEND = YES;
				GCC_C_LANGUAGE_STANDARD = gnu99;
				GCC_NO_COMMON_BLOCKS = YES;
				GCC_WARN_64_TO_32_BIT_CONVERSION = YES;
				GCC_WARN_ABOUT_RETURN_TYPE = YES_ERROR;
				GCC_WARN_UNDECLARED_SELECTOR = YES;
				GCC_WARN_UNINITIALIZED_AUTOS = YES_AGGRESSIVE;
				GCC_WARN_UNUSED_FUNCTION = YES;
				GCC_WARN_UNUSED_VARIABLE = YES;
				IPHONEOS_DEPLOYMENT_TARGET = 9.0;
				MTL_ENABLE_DEBUG_INFO = NO;
				SDKROOT = iphoneos;
				VALIDATE_PRODUCT = YES;
			};
			name = Release;
		};
		4D2C188F1C128BD100C37D79 /* Debug */ = {
			isa = XCBuildConfiguration;
			buildSettings = {
				CODE_SIGN_ENTITLEMENTS = "Talkback WatchKit Extension/Talkback WatchKit Extension.entitlements";
				INFOPLIST_FILE = "Talkback WatchKit Extension/Info.plist";
				LD_RUNPATH_SEARCH_PATHS = "$(inherited) @executable_path/Frameworks @executable_path/../../Frameworks";
				PRODUCT_BUNDLE_IDENTIFIER = build.watchosapps.Talkback.watchkitapp.watchkitextension;
				PRODUCT_NAME = "${TARGET_NAME}";
				SDKROOT = watchos;
				SKIP_INSTALL = YES;
				TARGETED_DEVICE_FAMILY = 4;
				WATCHOS_DEPLOYMENT_TARGET = 2.0;
			};
			name = Debug;
		};
		4D2C18901C128BD100C37D79 /* Release */ = {
			isa = XCBuildConfiguration;
			buildSettings = {
				CODE_SIGN_ENTITLEMENTS = "Talkback WatchKit Extension/Talkback WatchKit Extension.entitlements";
				INFOPLIST_FILE = "Talkback WatchKit Extension/Info.plist";
				LD_RUNPATH_SEARCH_PATHS = "$(inherited) @executable_path/Frameworks @executable_path/../../Frameworks";
				PRODUCT_BUNDLE_IDENTIFIER = build.watchosapps.Talkback.watchkitapp.watchkitextension;
				PRODUCT_NAME = "${TARGET_NAME}";
				SDKROOT = watchos;
				SKIP_INSTALL = YES;
				TARGETED_DEVICE_FAMILY = 4;
				WATCHOS_DEPLOYMENT_TARGET = 2.0;
			};
			name = Release;
		};
		4D2C18931C128BD100C37D79 /* Debug */ = {
			isa = XCBuildConfiguration;
			buildSettings = {
				ASSETCATALOG_COMPILER_APPICON_NAME = AppIcon;
				CODE_SIGN_ENTITLEMENTS = "Talkback WatchKit App/Talkback WatchKit App.entitlements";
				EMBEDDED_CONTENT_CONTAINS_SWIFT = YES;
				IBSC_MODULE = Talkback_WatchKit_Extension;
				INFOPLIST_FILE = "Talkback WatchKit App/Info.plist";
				PRODUCT_BUNDLE_IDENTIFIER = build.watchosapps.Talkback.watchkitapp;
				PRODUCT_NAME = "$(TARGET_NAME)";
				SDKROOT = watchos;
				SKIP_INSTALL = YES;
				TARGETED_DEVICE_FAMILY = 4;
				WATCHOS_DEPLOYMENT_TARGET = 2.0;
			};
			name = Debug;
		};
		4D2C18941C128BD100C37D79 /* Release */ = {
			isa = XCBuildConfiguration;
			buildSettings = {
				ASSETCATALOG_COMPILER_APPICON_NAME = AppIcon;
				CODE_SIGN_ENTITLEMENTS = "Talkback WatchKit App/Talkback WatchKit App.entitlements";
				EMBEDDED_CONTENT_CONTAINS_SWIFT = YES;
				IBSC_MODULE = Talkback_WatchKit_Extension;
				INFOPLIST_FILE = "Talkback WatchKit App/Info.plist";
				PRODUCT_BUNDLE_IDENTIFIER = build.watchosapps.Talkback.watchkitapp;
				PRODUCT_NAME = "$(TARGET_NAME)";
				SDKROOT = watchos;
				SKIP_INSTALL = YES;
				TARGETED_DEVICE_FAMILY = 4;
				WATCHOS_DEPLOYMENT_TARGET = 2.0;
			};
			name = Release;
		};
		4D2C18971C128BD100C37D79 /* Debug */ = {
			isa = XCBuildConfiguration;
			buildSettings = {
				ASSETCATALOG_COMPILER_APPICON_NAME = AppIcon;
				INFOPLIST_FILE = Talkback/Info.plist;
				LD_RUNPATH_SEARCH_PATHS = "$(inherited) @executable_path/Frameworks";
				PRODUCT_BUNDLE_IDENTIFIER = build.watchosapps.Talkback;
				PRODUCT_NAME = "$(TARGET_NAME)";
			};
			name = Debug;
		};
		4D2C18981C128BD100C37D79 /* Release */ = {
			isa = XCBuildConfiguration;
			buildSettings = {
				ASSETCATALOG_COMPILER_APPICON_NAME = AppIcon;
				INFOPLIST_FILE = Talkback/Info.plist;
				LD_RUNPATH_SEARCH_PATHS = "$(inherited) @executable_path/Frameworks";
				PRODUCT_BUNDLE_IDENTIFIER = build.watchosapps.Talkback;
				PRODUCT_NAME = "$(TARGET_NAME)";
			};
			name = Release;
		};
/* End XCBuildConfiguration section */

/* Begin XCConfigurationList section */
		4D2C185A1C128BD100C37D79 /* Build configuration list for PBXProject "Talkback" */ = {
			isa = XCConfigurationList;
			buildConfigurations = (
				4D2C188C1C128BD100C37D79 /* Debug */,
				4D2C188D1C128BD100C37D79 /* Release */,
			);
			defaultConfigurationIsVisible = 0;
			defaultConfigurationName = Release;
		};
		4D2C188E1C128BD100C37D79 /* Build configuration list for PBXNativeTarget "Talkback WatchKit Extension" */ = {
			isa = XCConfigurationList;
			buildConfigurations = (
				4D2C188F1C128BD100C37D79 /* Debug */,
				4D2C18901C128BD100C37D79 /* Release */,
			);
			defaultConfigurationIsVisible = 0;
		};
		4D2C18921C128BD100C37D79 /* Build configuration list for PBXNativeTarget "Talkback WatchKit App" */ = {
			isa = XCConfigurationList;
			buildConfigurations = (
				4D2C18931C128BD100C37D79 /* Debug */,
				4D2C18941C128BD100C37D79 /* Release */,
			);
			defaultConfigurationIsVisible = 0;
		};
		4D2C18961C128BD100C37D79 /* Build configuration list for PBXNativeTarget "Talkback" */ = {
			isa = XCConfigurationList;
			buildConfigurations = (
				4D2C18971C128BD100C37D79 /* Debug */,
				4D2C18981C128BD100C37D79 /* Release */,
			);
			defaultConfigurationIsVisible = 0;
		};
/* End XCConfigurationList section */
	};
	rootObject = 4D2C18571C128BD100C37D79 /* Project object */;
}
